<?xml version="1.0" encoding="utf-8"?>
<Project ToolsVersion="4.0" xmlns="http://schemas.microsoft.com/developer/msbuild/2003">
  <ItemGroup>
    <Filter Include="Source Files">
      <UniqueIdentifier>{4FC737F1-C7A5-4376-A066-2A32D752A2FF}</UniqueIdentifier>
      <Extensions>cpp;c;cc;cxx;def;odl;idl;hpj;bat;asm;asmx</Extensions>
    </Filter>
    <Filter Include="Header Files">
      <UniqueIdentifier>{93995380-89BD-4b04-88EB-625FBE52EBFB}</UniqueIdentifier>
      <Extensions>h;hpp;hxx;hm;inl;inc;xsd</Extensions>
    </Filter>
    <Filter Include="Resource Files">
      <UniqueIdentifier>{67DA6AB6-F800-4c08-8B7A-83BB121AAD01}</UniqueIdentifier>
      <Extensions>rc;ico;cur;bmp;dlg;rc2;rct;bin;rgs;gif;jpg;jpeg;jpe;resx;tiff;tif;png;wav;mfcribbon-ms</Extensions>
    </Filter>
    <Filter Include="Header Files\Graph">
      <UniqueIdentifier>{7f075f9d-f170-4e17-a0e0-434164e325ae}</UniqueIdentifier>
    </Filter>
    <Filter Include="Source Files\Graph">
      <UniqueIdentifier>{3712babb-6ec1-4224-afae-29ecc7975187}</UniqueIdentifier>
    </Filter>
    <Filter Include="Source Files\LBE">
      <UniqueIdentifier>{996f80ff-5507-4c04-905c-f0838c13a1cb}</UniqueIdentifier>
    </Filter>
    <Filter Include="Header Files\LBE">
      <UniqueIdentifier>{8b590cac-776f-4adf-8af0-d9c10f3a3597}</UniqueIdentifier>
    </Filter>
  </ItemGroup>
  <ItemGroup>
    <Text Include="ReadMe.txt" />
  </ItemGroup>
  <ItemGroup>
    <ClInclude Include="stdafx.h">
      <Filter>Header Files</Filter>
    </ClInclude>
    <ClInclude Include="MainFrm.h">
      <Filter>Header Files\Graph</Filter>
    </ClInclude>
    <ClInclude Include="ModellApp.h">
      <Filter>Header Files\Graph</Filter>
    </ClInclude>
    <ClInclude Include="ModellAppDoc.h">
      <Filter>Header Files\Graph</Filter>
    </ClInclude>
    <ClInclude Include="ModellAppView.h">
      <Filter>Header Files\Graph</Filter>
    </ClInclude>
    <ClInclude Include="Resource.h">
      <Filter>Header Files\Graph</Filter>
    </ClInclude>
    <ClInclude Include="targetver.h">
      <Filter>Header Files\Graph</Filter>
    </ClInclude>
    <ClInclude Include="Grid.h">
      <Filter>Header Files</Filter>
    </ClInclude>
    <ClInclude Include="Lattice.h">
      <Filter>Header Files\LBE</Filter>
    </ClInclude>
    <ClInclude Include="World.h">
      <Filter>Header Files\LBE</Filter>
    </ClInclude>
    <ClInclude Include="Header.h">
      <Filter>Header Files</Filter>
    </ClInclude>
    <ClInclude Include="Different_Lattices.h">
      <Filter>Header Files\LBE</Filter>
    </ClInclude>
  </ItemGroup>
  <ItemGroup>
    <ClCompile Include="stdafx.cpp">
      <Filter>Source Files</Filter>
    </ClCompile>
    <ClCompile Include="MainFrm.cpp">
      <Filter>Source Files\Graph</Filter>
    </ClCompile>
    <ClCompile Include="ModellApp.cpp">
      <Filter>Source Files\Graph</Filter>
    </ClCompile>
    <ClCompile Include="ModellAppDoc.cpp">
      <Filter>Source Files\Graph</Filter>
    </ClCompile>
    <ClCompile Include="ModellAppView.cpp">
      <Filter>Source Files\Graph</Filter>
    </ClCompile>
    <ClCompile Include="Math.cpp">
      <Filter>Source Files</Filter>
    </ClCompile>
    <ClCompile Include="Source.cpp">
      <Filter>Source Files</Filter>
    </ClCompile>
    <ClCompile Include="Grid.cpp">
      <Filter>Source Files</Filter>
    </ClCompile>
    <ClCompile Include="Lattice.cpp">
      <Filter>Source Files\LBE</Filter>
    </ClCompile>
    <ClCompile Include="Lattices.cpp">
      <Filter>Source Files\LBE</Filter>
    </ClCompile>
    <ClCompile Include="World.cpp">
      <Filter>Source Files\LBE</Filter>
    </ClCompile>
  </ItemGroup>
  <ItemGroup>
    <ResourceCompile Include="ModellApp.rc">
      <Filter>Resource Files</Filter>
    </ResourceCompile>
  </ItemGroup>
  <ItemGroup>
    <None Include="res\ModellApp.rc2">
      <Filter>Resource Files</Filter>
    </None>
  </ItemGroup>
  <ItemGroup>
    <Image Include="res\ModellAppDoc.ico">
      <Filter>Resource Files</Filter>
    </Image>
    <Image Include="res\ModellApp.ico">
      <Filter>Resource Files</Filter>
    </Image>
    <Image Include="res\Toolbar.bmp">
      <Filter>Resource Files</Filter>
    </Image>
  </ItemGroup>
</Project>